// !$*UTF8*$!
{
	archiveVersion = 1;
	classes = {
	};
	objectVersion = 50;
	objects = {

/* Begin PBXBuildFile section */
		2098108122375F2E004B262C /* WKUserContentController+Safe.m in Sources */ = {isa = PBXBuildFile; fileRef = 2098107722375F2E004B262C /* WKUserContentController+Safe.m */; };
		2098108422375F2E004B262C /* WeakWKScriptMessageHandler.m in Sources */ = {isa = PBXBuildFile; fileRef = 2098107B22375F2E004B262C /* WeakWKScriptMessageHandler.m */; };
		20981088223760FD004B262C /* TFWKWebViewNavBarView.m in Sources */ = {isa = PBXBuildFile; fileRef = 20981087223760FD004B262C /* TFWKWebViewNavBarView.m */; };
		2098108B2237616D004B262C /* TFWKWebView.m in Sources */ = {isa = PBXBuildFile; fileRef = 2098108A2237616D004B262C /* TFWKWebView.m */; };
		2098108E223769EF004B262C /* TFWKWebViewController.m in Sources */ = {isa = PBXBuildFile; fileRef = 2098108D223769EF004B262C /* TFWKWebViewController.m */; };
		2098109222389DE9004B262C /* WebViewController.m in Sources */ = {isa = PBXBuildFile; fileRef = 2098109022389DE9004B262C /* WebViewController.m */; };
		2098109322389DE9004B262C /* WebViewController.xib in Resources */ = {isa = PBXBuildFile; fileRef = 2098109122389DE9004B262C /* WebViewController.xib */; };
		20D2EFD022321CA1001DC35D /* AppDelegate.m in Sources */ = {isa = PBXBuildFile; fileRef = 20D2EFCF22321CA1001DC35D /* AppDelegate.m */; };
		20D2EFD322321CA1001DC35D /* ViewController.m in Sources */ = {isa = PBXBuildFile; fileRef = 20D2EFD222321CA1001DC35D /* ViewController.m */; };
		20D2EFD622321CA1001DC35D /* Main.storyboard in Resources */ = {isa = PBXBuildFile; fileRef = 20D2EFD422321CA1001DC35D /* Main.storyboard */; };
		20D2EFD822321CA2001DC35D /* Assets.xcassets in Resources */ = {isa = PBXBuildFile; fileRef = 20D2EFD722321CA2001DC35D /* Assets.xcassets */; };
		20D2EFDB22321CA2001DC35D /* LaunchScreen.storyboard in Resources */ = {isa = PBXBuildFile; fileRef = 20D2EFD922321CA2001DC35D /* LaunchScreen.storyboard */; };
		20D2EFDE22321CA2001DC35D /* main.m in Sources */ = {isa = PBXBuildFile; fileRef = 20D2EFDD22321CA2001DC35D /* main.m */; };
		20D2EFEC22322307001DC35D /* TFScrollTagViewController.m in Sources */ = {isa = PBXBuildFile; fileRef = 20D2EFEA22322307001DC35D /* TFScrollTagViewController.m */; };
		20D2EFED22322307001DC35D /* TFScrollTagViewController.xib in Resources */ = {isa = PBXBuildFile; fileRef = 20D2EFEB22322307001DC35D /* TFScrollTagViewController.xib */; };
		20D2EFF4223248CD001DC35D /* TFSquareBlockViewController.m in Sources */ = {isa = PBXBuildFile; fileRef = 20D2EFF2223248CD001DC35D /* TFSquareBlockViewController.m */; };
		20D2EFF5223248CD001DC35D /* TFSquareBlockViewController.xib in Resources */ = {isa = PBXBuildFile; fileRef = 20D2EFF3223248CD001DC35D /* TFSquareBlockViewController.xib */; };
		3181B3D42D96106084DFD923 /* libPods-TFComponentsDemo.a in Frameworks */ = {isa = PBXBuildFile; fileRef = 423C14E308F7FFACDC192769 /* libPods-TFComponentsDemo.a */; };
		903D2515235AB106009A92DE /* GridViewController.m in Sources */ = {isa = PBXBuildFile; fileRef = 903D2513235AB106009A92DE /* GridViewController.m */; };
		903D2516235AB106009A92DE /* GridViewController.xib in Resources */ = {isa = PBXBuildFile; fileRef = 903D2514235AB106009A92DE /* GridViewController.xib */; };
		903D2521235AB175009A92DE /* TFScrollTagView.m in Sources */ = {isa = PBXBuildFile; fileRef = 903D2519235AB174009A92DE /* TFScrollTagView.m */; };
		903D2522235AB175009A92DE /* TFSquareBlockView.m in Sources */ = {isa = PBXBuildFile; fileRef = 903D251D235AB175009A92DE /* TFSquareBlockView.m */; };
		903D2523235AB175009A92DE /* TFRectangleBlockView.m in Sources */ = {isa = PBXBuildFile; fileRef = 903D251F235AB175009A92DE /* TFRectangleBlockView.m */; };
		903D2526235AB1D3009A92DE /* TFGridView.m in Sources */ = {isa = PBXBuildFile; fileRef = 903D2525235AB1D3009A92DE /* TFGridView.m */; };
		90811545235AB5330061540F /* TFGridViewCell.m in Sources */ = {isa = PBXBuildFile; fileRef = 90811544235AB5330061540F /* TFGridViewCell.m */; };
		90811548235AB54C0061540F /* TFGridViewHeaderFooterView.m in Sources */ = {isa = PBXBuildFile; fileRef = 90811547235AB54C0061540F /* TFGridViewHeaderFooterView.m */; };
		9081154D235AB8410061540F /* TFGridViewInnerCell.m in Sources */ = {isa = PBXBuildFile; fileRef = 9081154B235AB8410061540F /* TFGridViewInnerCell.m */; };
		90811551235AEE090061540F /* GridDemoCell.m in Sources */ = {isa = PBXBuildFile; fileRef = 90811550235AEE090061540F /* GridDemoCell.m */; };
		90811553235AEE190061540F /* GridDemoCell.xib in Resources */ = {isa = PBXBuildFile; fileRef = 90811552235AEE190061540F /* GridDemoCell.xib */; };
/* End PBXBuildFile section */

/* Begin PBXFileReference section */
		0766CA20DAFE18EECDA875EE /* Pods-TFComponentsDemo.debug.xcconfig */ = {isa = PBXFileReference; includeInIndex = 1; lastKnownFileType = text.xcconfig; name = "Pods-TFComponentsDemo.debug.xcconfig"; path = "Pods/Target Support Files/Pods-TFComponentsDemo/Pods-TFComponentsDemo.debug.xcconfig"; sourceTree = "<group>"; };
		2098107522375C28004B262C /* TFComponents.h */ = {isa = PBXFileReference; lastKnownFileType = sourcecode.c.h; path = TFComponents.h; sourceTree = "<group>"; };
		2098107722375F2E004B262C /* WKUserContentController+Safe.m */ = {isa = PBXFileReference; fileEncoding = 4; lastKnownFileType = sourcecode.c.objc; path = "WKUserContentController+Safe.m"; sourceTree = "<group>"; };
		2098107B22375F2E004B262C /* WeakWKScriptMessageHandler.m */ = {isa = PBXFileReference; fileEncoding = 4; lastKnownFileType = sourcecode.c.objc; path = WeakWKScriptMessageHandler.m; sourceTree = "<group>"; };
		2098107C22375F2E004B262C /* WKUserContentController+Safe.h */ = {isa = PBXFileReference; fileEncoding = 4; lastKnownFileType = sourcecode.c.h; path = "WKUserContentController+Safe.h"; sourceTree = "<group>"; };
		2098107F22375F2E004B262C /* WeakWKScriptMessageHandler.h */ = {isa = PBXFileReference; fileEncoding = 4; lastKnownFileType = sourcecode.c.h; path = WeakWKScriptMessageHandler.h; sourceTree = "<group>"; };
		20981086223760FD004B262C /* TFWKWebViewNavBarView.h */ = {isa = PBXFileReference; lastKnownFileType = sourcecode.c.h; path = TFWKWebViewNavBarView.h; sourceTree = "<group>"; };
		20981087223760FD004B262C /* TFWKWebViewNavBarView.m */ = {isa = PBXFileReference; lastKnownFileType = sourcecode.c.objc; path = TFWKWebViewNavBarView.m; sourceTree = "<group>"; };
		209810892237616D004B262C /* TFWKWebView.h */ = {isa = PBXFileReference; lastKnownFileType = sourcecode.c.h; path = TFWKWebView.h; sourceTree = "<group>"; };
		2098108A2237616D004B262C /* TFWKWebView.m */ = {isa = PBXFileReference; lastKnownFileType = sourcecode.c.objc; path = TFWKWebView.m; sourceTree = "<group>"; };
		2098108C223769EF004B262C /* TFWKWebViewController.h */ = {isa = PBXFileReference; lastKnownFileType = sourcecode.c.h; path = TFWKWebViewController.h; sourceTree = "<group>"; };
		2098108D223769EF004B262C /* TFWKWebViewController.m */ = {isa = PBXFileReference; lastKnownFileType = sourcecode.c.objc; path = TFWKWebViewController.m; sourceTree = "<group>"; };
		2098108F22389DE9004B262C /* WebViewController.h */ = {isa = PBXFileReference; lastKnownFileType = sourcecode.c.h; path = WebViewController.h; sourceTree = "<group>"; };
		2098109022389DE9004B262C /* WebViewController.m */ = {isa = PBXFileReference; lastKnownFileType = sourcecode.c.objc; path = WebViewController.m; sourceTree = "<group>"; };
		2098109122389DE9004B262C /* WebViewController.xib */ = {isa = PBXFileReference; lastKnownFileType = file.xib; path = WebViewController.xib; sourceTree = "<group>"; };
		20D2EFCB22321CA1001DC35D /* TFComponentsDemo.app */ = {isa = PBXFileReference; explicitFileType = wrapper.application; includeInIndex = 0; path = TFComponentsDemo.app; sourceTree = BUILT_PRODUCTS_DIR; };
		20D2EFCE22321CA1001DC35D /* AppDelegate.h */ = {isa = PBXFileReference; lastKnownFileType = sourcecode.c.h; path = AppDelegate.h; sourceTree = "<group>"; };
		20D2EFCF22321CA1001DC35D /* AppDelegate.m */ = {isa = PBXFileReference; lastKnownFileType = sourcecode.c.objc; path = AppDelegate.m; sourceTree = "<group>"; };
		20D2EFD122321CA1001DC35D /* ViewController.h */ = {isa = PBXFileReference; lastKnownFileType = sourcecode.c.h; path = ViewController.h; sourceTree = "<group>"; };
		20D2EFD222321CA1001DC35D /* ViewController.m */ = {isa = PBXFileReference; lastKnownFileType = sourcecode.c.objc; path = ViewController.m; sourceTree = "<group>"; };
		20D2EFD522321CA1001DC35D /* Base */ = {isa = PBXFileReference; lastKnownFileType = file.storyboard; name = Base; path = Base.lproj/Main.storyboard; sourceTree = "<group>"; };
		20D2EFD722321CA2001DC35D /* Assets.xcassets */ = {isa = PBXFileReference; lastKnownFileType = folder.assetcatalog; path = Assets.xcassets; sourceTree = "<group>"; };
		20D2EFDA22321CA2001DC35D /* Base */ = {isa = PBXFileReference; lastKnownFileType = file.storyboard; name = Base; path = Base.lproj/LaunchScreen.storyboard; sourceTree = "<group>"; };
		20D2EFDC22321CA2001DC35D /* Info.plist */ = {isa = PBXFileReference; lastKnownFileType = text.plist.xml; path = Info.plist; sourceTree = "<group>"; };
		20D2EFDD22321CA2001DC35D /* main.m */ = {isa = PBXFileReference; lastKnownFileType = sourcecode.c.objc; path = main.m; sourceTree = "<group>"; };
		20D2EFE922322307001DC35D /* TFScrollTagViewController.h */ = {isa = PBXFileReference; lastKnownFileType = sourcecode.c.h; path = TFScrollTagViewController.h; sourceTree = "<group>"; };
		20D2EFEA22322307001DC35D /* TFScrollTagViewController.m */ = {isa = PBXFileReference; lastKnownFileType = sourcecode.c.objc; path = TFScrollTagViewController.m; sourceTree = "<group>"; };
		20D2EFEB22322307001DC35D /* TFScrollTagViewController.xib */ = {isa = PBXFileReference; lastKnownFileType = file.xib; path = TFScrollTagViewController.xib; sourceTree = "<group>"; };
		20D2EFF1223248CD001DC35D /* TFSquareBlockViewController.h */ = {isa = PBXFileReference; lastKnownFileType = sourcecode.c.h; path = TFSquareBlockViewController.h; sourceTree = "<group>"; };
		20D2EFF2223248CD001DC35D /* TFSquareBlockViewController.m */ = {isa = PBXFileReference; lastKnownFileType = sourcecode.c.objc; path = TFSquareBlockViewController.m; sourceTree = "<group>"; };
		20D2EFF3223248CD001DC35D /* TFSquareBlockViewController.xib */ = {isa = PBXFileReference; lastKnownFileType = file.xib; path = TFSquareBlockViewController.xib; sourceTree = "<group>"; };
		423C14E308F7FFACDC192769 /* libPods-TFComponentsDemo.a */ = {isa = PBXFileReference; explicitFileType = archive.ar; includeInIndex = 0; path = "libPods-TFComponentsDemo.a"; sourceTree = BUILT_PRODUCTS_DIR; };
		903D2512235AB106009A92DE /* GridViewController.h */ = {isa = PBXFileReference; lastKnownFileType = sourcecode.c.h; path = GridViewController.h; sourceTree = "<group>"; };
		903D2513235AB106009A92DE /* GridViewController.m */ = {isa = PBXFileReference; lastKnownFileType = sourcecode.c.objc; path = GridViewController.m; sourceTree = "<group>"; };
		903D2514235AB106009A92DE /* GridViewController.xib */ = {isa = PBXFileReference; lastKnownFileType = file.xib; path = GridViewController.xib; sourceTree = "<group>"; };
		903D2518235AB174009A92DE /* TFScrollTagView.h */ = {isa = PBXFileReference; fileEncoding = 4; lastKnownFileType = sourcecode.c.h; path = TFScrollTagView.h; sourceTree = "<group>"; };
		903D2519235AB174009A92DE /* TFScrollTagView.m */ = {isa = PBXFileReference; fileEncoding = 4; lastKnownFileType = sourcecode.c.objc; path = TFScrollTagView.m; sourceTree = "<group>"; };
		903D251C235AB175009A92DE /* TFSquareBlockView.h */ = {isa = PBXFileReference; fileEncoding = 4; lastKnownFileType = sourcecode.c.h; path = TFSquareBlockView.h; sourceTree = "<group>"; };
		903D251D235AB175009A92DE /* TFSquareBlockView.m */ = {isa = PBXFileReference; fileEncoding = 4; lastKnownFileType = sourcecode.c.objc; path = TFSquareBlockView.m; sourceTree = "<group>"; };
		903D251F235AB175009A92DE /* TFRectangleBlockView.m */ = {isa = PBXFileReference; fileEncoding = 4; lastKnownFileType = sourcecode.c.objc; path = TFRectangleBlockView.m; sourceTree = "<group>"; };
		903D2520235AB175009A92DE /* TFRectangleBlockView.h */ = {isa = PBXFileReference; fileEncoding = 4; lastKnownFileType = sourcecode.c.h; path = TFRectangleBlockView.h; sourceTree = "<group>"; };
		903D2524235AB1D3009A92DE /* TFGridView.h */ = {isa = PBXFileReference; lastKnownFileType = sourcecode.c.h; path = TFGridView.h; sourceTree = "<group>"; };
		903D2525235AB1D3009A92DE /* TFGridView.m */ = {isa = PBXFileReference; lastKnownFileType = sourcecode.c.objc; path = TFGridView.m; sourceTree = "<group>"; };
		90811543235AB5330061540F /* TFGridViewCell.h */ = {isa = PBXFileReference; lastKnownFileType = sourcecode.c.h; path = TFGridViewCell.h; sourceTree = "<group>"; };
		90811544235AB5330061540F /* TFGridViewCell.m */ = {isa = PBXFileReference; lastKnownFileType = sourcecode.c.objc; path = TFGridViewCell.m; sourceTree = "<group>"; };
		90811546235AB54C0061540F /* TFGridViewHeaderFooterView.h */ = {isa = PBXFileReference; lastKnownFileType = sourcecode.c.h; path = TFGridViewHeaderFooterView.h; sourceTree = "<group>"; };
		90811547235AB54C0061540F /* TFGridViewHeaderFooterView.m */ = {isa = PBXFileReference; lastKnownFileType = sourcecode.c.objc; path = TFGridViewHeaderFooterView.m; sourceTree = "<group>"; };
		9081154A235AB8410061540F /* TFGridViewInnerCell.h */ = {isa = PBXFileReference; lastKnownFileType = sourcecode.c.h; path = TFGridViewInnerCell.h; sourceTree = "<group>"; };
		9081154B235AB8410061540F /* TFGridViewInnerCell.m */ = {isa = PBXFileReference; lastKnownFileType = sourcecode.c.objc; path = TFGridViewInnerCell.m; sourceTree = "<group>"; };
		9081154F235AEE090061540F /* GridDemoCell.h */ = {isa = PBXFileReference; lastKnownFileType = sourcecode.c.h; path = GridDemoCell.h; sourceTree = "<group>"; };
		90811550235AEE090061540F /* GridDemoCell.m */ = {isa = PBXFileReference; lastKnownFileType = sourcecode.c.objc; path = GridDemoCell.m; sourceTree = "<group>"; };
		90811552235AEE190061540F /* GridDemoCell.xib */ = {isa = PBXFileReference; lastKnownFileType = file.xib; path = GridDemoCell.xib; sourceTree = "<group>"; };
		909FFBF2228580C3006F7587 /* Const.h */ = {isa = PBXFileReference; lastKnownFileType = sourcecode.c.h; path = Const.h; sourceTree = "<group>"; };
		AAB4364B1219D7FF792AC2FA /* Pods-TFComponentsDemo.release.xcconfig */ = {isa = PBXFileReference; includeInIndex = 1; lastKnownFileType = text.xcconfig; name = "Pods-TFComponentsDemo.release.xcconfig"; path = "Pods/Target Support Files/Pods-TFComponentsDemo/Pods-TFComponentsDemo.release.xcconfig"; sourceTree = "<group>"; };
/* End PBXFileReference section */

/* Begin PBXFrameworksBuildPhase section */
		20D2EFC822321CA1001DC35D /* Frameworks */ = {
			isa = PBXFrameworksBuildPhase;
			buildActionMask = 2147483647;
			files = (
				3181B3D42D96106084DFD923 /* libPods-TFComponentsDemo.a in Frameworks */,
			);
			runOnlyForDeploymentPostprocessing = 0;
		};
/* End PBXFrameworksBuildPhase section */

/* Begin PBXGroup section */
		2098107622375F2E004B262C /* TFWKWebView */ = {
			isa = PBXGroup;
			children = (
				209810892237616D004B262C /* TFWKWebView.h */,
				2098108A2237616D004B262C /* TFWKWebView.m */,
				2098108C223769EF004B262C /* TFWKWebViewController.h */,
				2098108D223769EF004B262C /* TFWKWebViewController.m */,
				20981086223760FD004B262C /* TFWKWebViewNavBarView.h */,
				20981087223760FD004B262C /* TFWKWebViewNavBarView.m */,
				2098107F22375F2E004B262C /* WeakWKScriptMessageHandler.h */,
				2098107B22375F2E004B262C /* WeakWKScriptMessageHandler.m */,
				2098107C22375F2E004B262C /* WKUserContentController+Safe.h */,
				2098107722375F2E004B262C /* WKUserContentController+Safe.m */,
			);
			path = TFWKWebView;
			sourceTree = "<group>";
		};
		20D2EFC222321CA1001DC35D = {
			isa = PBXGroup;
			children = (
				20D2EFCD22321CA1001DC35D /* TFComponentsDemo */,
				20D2EFCC22321CA1001DC35D /* Products */,
				9ACDD4325446A13A36A63900 /* Pods */,
				ABC281DE02A98FBE01552774 /* Frameworks */,
			);
			sourceTree = "<group>";
		};
		20D2EFCC22321CA1001DC35D /* Products */ = {
			isa = PBXGroup;
			children = (
				20D2EFCB22321CA1001DC35D /* TFComponentsDemo.app */,
			);
			name = Products;
			sourceTree = "<group>";
		};
		20D2EFCD22321CA1001DC35D /* TFComponentsDemo */ = {
			isa = PBXGroup;
			children = (
				20D2EFCE22321CA1001DC35D /* AppDelegate.h */,
				20D2EFCF22321CA1001DC35D /* AppDelegate.m */,
				20D2EFD122321CA1001DC35D /* ViewController.h */,
				20D2EFD222321CA1001DC35D /* ViewController.m */,
				20D2EFE8223222BE001DC35D /* DemoController */,
				20D2EFE422321F2E001DC35D /* TFComponents */,
				20D2EFD422321CA1001DC35D /* Main.storyboard */,
				20D2EFD722321CA2001DC35D /* Assets.xcassets */,
				20D2EFD922321CA2001DC35D /* LaunchScreen.storyboard */,
				20D2EFDC22321CA2001DC35D /* Info.plist */,
				20D2EFDD22321CA2001DC35D /* main.m */,
			);
			path = TFComponentsDemo;
			sourceTree = "<group>";
		};
		20D2EFE422321F2E001DC35D /* TFComponents */ = {
			isa = PBXGroup;
			children = (
				909FFBF2228580C3006F7587 /* Const.h */,
				2098107522375C28004B262C /* TFComponents.h */,
				903D251A235AB174009A92DE /* TFGridView */,
				903D251E235AB175009A92DE /* TFRectangleBlockView */,
				903D2517235AB174009A92DE /* TFScrollTagView */,
				903D251B235AB175009A92DE /* TFSquareBlockView */,
				2098107622375F2E004B262C /* TFWKWebView */,
			);
			name = TFComponents;
			path = ../../TFComponents;
			sourceTree = "<group>";
		};
		20D2EFE8223222BE001DC35D /* DemoController */ = {
			isa = PBXGroup;
			children = (
				20D2EFE922322307001DC35D /* TFScrollTagViewController.h */,
				20D2EFEA22322307001DC35D /* TFScrollTagViewController.m */,
				20D2EFEB22322307001DC35D /* TFScrollTagViewController.xib */,
				20D2EFF1223248CD001DC35D /* TFSquareBlockViewController.h */,
				20D2EFF2223248CD001DC35D /* TFSquareBlockViewController.m */,
				20D2EFF3223248CD001DC35D /* TFSquareBlockViewController.xib */,
				2098108F22389DE9004B262C /* WebViewController.h */,
				2098109022389DE9004B262C /* WebViewController.m */,
				2098109122389DE9004B262C /* WebViewController.xib */,
				903D2512235AB106009A92DE /* GridViewController.h */,
				903D2513235AB106009A92DE /* GridViewController.m */,
				903D2514235AB106009A92DE /* GridViewController.xib */,
				9081154F235AEE090061540F /* GridDemoCell.h */,
				90811550235AEE090061540F /* GridDemoCell.m */,
				90811552235AEE190061540F /* GridDemoCell.xib */,
			);
			path = DemoController;
			sourceTree = "<group>";
		};
		903D2517235AB174009A92DE /* TFScrollTagView */ = {
			isa = PBXGroup;
			children = (
				903D2518235AB174009A92DE /* TFScrollTagView.h */,
				903D2519235AB174009A92DE /* TFScrollTagView.m */,
			);
			path = TFScrollTagView;
			sourceTree = "<group>";
		};
		903D251A235AB174009A92DE /* TFGridView */ = {
			isa = PBXGroup;
			children = (
				903D2524235AB1D3009A92DE /* TFGridView.h */,
				903D2525235AB1D3009A92DE /* TFGridView.m */,
				90811543235AB5330061540F /* TFGridViewCell.h */,
				90811544235AB5330061540F /* TFGridViewCell.m */,
				90811546235AB54C0061540F /* TFGridViewHeaderFooterView.h */,
				90811547235AB54C0061540F /* TFGridViewHeaderFooterView.m */,
				90811549235AB81E0061540F /* Inner */,
			);
			path = TFGridView;
			sourceTree = "<group>";
		};
		903D251B235AB175009A92DE /* TFSquareBlockView */ = {
			isa = PBXGroup;
			children = (
				903D251C235AB175009A92DE /* TFSquareBlockView.h */,
				903D251D235AB175009A92DE /* TFSquareBlockView.m */,
			);
			path = TFSquareBlockView;
			sourceTree = "<group>";
		};
		903D251E235AB175009A92DE /* TFRectangleBlockView */ = {
			isa = PBXGroup;
			children = (
				903D251F235AB175009A92DE /* TFRectangleBlockView.m */,
				903D2520235AB175009A92DE /* TFRectangleBlockView.h */,
			);
			path = TFRectangleBlockView;
			sourceTree = "<group>";
		};
		90811549235AB81E0061540F /* Inner */ = {
			isa = PBXGroup;
			children = (
				9081154A235AB8410061540F /* TFGridViewInnerCell.h */,
				9081154B235AB8410061540F /* TFGridViewInnerCell.m */,
			);
			path = Inner;
			sourceTree = "<group>";
		};
		9ACDD4325446A13A36A63900 /* Pods */ = {
			isa = PBXGroup;
			children = (
				0766CA20DAFE18EECDA875EE /* Pods-TFComponentsDemo.debug.xcconfig */,
				AAB4364B1219D7FF792AC2FA /* Pods-TFComponentsDemo.release.xcconfig */,
			);
			name = Pods;
			sourceTree = "<group>";
		};
		ABC281DE02A98FBE01552774 /* Frameworks */ = {
			isa = PBXGroup;
			children = (
				423C14E308F7FFACDC192769 /* libPods-TFComponentsDemo.a */,
			);
			name = Frameworks;
			sourceTree = "<group>";
		};
/* End PBXGroup section */

/* Begin PBXNativeTarget section */
		20D2EFCA22321CA1001DC35D /* TFComponentsDemo */ = {
			isa = PBXNativeTarget;
			buildConfigurationList = 20D2EFE122321CA2001DC35D /* Build configuration list for PBXNativeTarget "TFComponentsDemo" */;
			buildPhases = (
				28D510E89501FE977ED89EDB /* [CP] Check Pods Manifest.lock */,
				20D2EFC722321CA1001DC35D /* Sources */,
				20D2EFC822321CA1001DC35D /* Frameworks */,
				20D2EFC922321CA1001DC35D /* Resources */,
			);
			buildRules = (
			);
			dependencies = (
			);
			name = TFComponentsDemo;
			productName = TFComponentsDemo;
			productReference = 20D2EFCB22321CA1001DC35D /* TFComponentsDemo.app */;
			productType = "com.apple.product-type.application";
		};
/* End PBXNativeTarget section */

/* Begin PBXProject section */
		20D2EFC322321CA1001DC35D /* Project object */ = {
			isa = PBXProject;
			attributes = {
				LastUpgradeCheck = 1010;
				ORGANIZATIONNAME = ztf;
				TargetAttributes = {
					20D2EFCA22321CA1001DC35D = {
						CreatedOnToolsVersion = 10.1;
					};
				};
			};
			buildConfigurationList = 20D2EFC622321CA1001DC35D /* Build configuration list for PBXProject "TFComponentsDemo" */;
			compatibilityVersion = "Xcode 9.3";
			developmentRegion = en;
			hasScannedForEncodings = 0;
			knownRegions = (
				en,
				Base,
			);
			mainGroup = 20D2EFC222321CA1001DC35D;
			productRefGroup = 20D2EFCC22321CA1001DC35D /* Products */;
			projectDirPath = "";
			projectRoot = "";
			targets = (
				20D2EFCA22321CA1001DC35D /* TFComponentsDemo */,
			);
		};
/* End PBXProject section */

/* Begin PBXResourcesBuildPhase section */
		20D2EFC922321CA1001DC35D /* Resources */ = {
			isa = PBXResourcesBuildPhase;
			buildActionMask = 2147483647;
			files = (
				20D2EFDB22321CA2001DC35D /* LaunchScreen.storyboard in Resources */,
				20D2EFF5223248CD001DC35D /* TFSquareBlockViewController.xib in Resources */,
				20D2EFD822321CA2001DC35D /* Assets.xcassets in Resources */,
				2098109322389DE9004B262C /* WebViewController.xib in Resources */,
				90811553235AEE190061540F /* GridDemoCell.xib in Resources */,
				20D2EFED22322307001DC35D /* TFScrollTagViewController.xib in Resources */,
				903D2516235AB106009A92DE /* GridViewController.xib in Resources */,
				20D2EFD622321CA1001DC35D /* Main.storyboard in Resources */,
			);
			runOnlyForDeploymentPostprocessing = 0;
		};
/* End PBXResourcesBuildPhase section */

/* Begin PBXShellScriptBuildPhase section */
		28D510E89501FE977ED89EDB /* [CP] Check Pods Manifest.lock */ = {
			isa = PBXShellScriptBuildPhase;
			buildActionMask = 2147483647;
			files = (
			);
			inputPaths = (
				"${PODS_PODFILE_DIR_PATH}/Podfile.lock",
				"${PODS_ROOT}/Manifest.lock",
			);
			name = "[CP] Check Pods Manifest.lock";
			outputPaths = (
				"$(DERIVED_FILE_DIR)/Pods-TFComponentsDemo-checkManifestLockResult.txt",
			);
			runOnlyForDeploymentPostprocessing = 0;
			shellPath = /bin/sh;
			shellScript = "diff \"${PODS_PODFILE_DIR_PATH}/Podfile.lock\" \"${PODS_ROOT}/Manifest.lock\" > /dev/null\nif [ $? != 0 ] ; then\n    # print error to STDERR\n    echo \"error: The sandbox is not in sync with the Podfile.lock. Run 'pod install' or update your CocoaPods installation.\" >&2\n    exit 1\nfi\n# This output is used by Xcode 'outputs' to avoid re-running this script phase.\necho \"SUCCESS\" > \"${SCRIPT_OUTPUT_FILE_0}\"\n";
			showEnvVarsInLog = 0;
		};
/* End PBXShellScriptBuildPhase section */

/* Begin PBXSourcesBuildPhase section */
		20D2EFC722321CA1001DC35D /* Sources */ = {
			isa = PBXSourcesBuildPhase;
			buildActionMask = 2147483647;
			files = (
				90811551235AEE090061540F /* GridDemoCell.m in Sources */,
				2098109222389DE9004B262C /* WebViewController.m in Sources */,
				20D2EFF4223248CD001DC35D /* TFSquareBlockViewController.m in Sources */,
				903D2526235AB1D3009A92DE /* TFGridView.m in Sources */,
				20D2EFD322321CA1001DC35D /* ViewController.m in Sources */,
				2098108B2237616D004B262C /* TFWKWebView.m in Sources */,
				2098108422375F2E004B262C /* WeakWKScriptMessageHandler.m in Sources */,
				9081154D235AB8410061540F /* TFGridViewInnerCell.m in Sources */,
				2098108122375F2E004B262C /* WKUserContentController+Safe.m in Sources */,
				90811545235AB5330061540F /* TFGridViewCell.m in Sources */,
				903D2515235AB106009A92DE /* GridViewController.m in Sources */,
				20D2EFEC22322307001DC35D /* TFScrollTagViewController.m in Sources */,
				20981088223760FD004B262C /* TFWKWebViewNavBarView.m in Sources */,
				2098108E223769EF004B262C /* TFWKWebViewController.m in Sources */,
				903D2521235AB175009A92DE /* TFScrollTagView.m in Sources */,
				903D2522235AB175009A92DE /* TFSquareBlockView.m in Sources */,
				20D2EFDE22321CA2001DC35D /* main.m in Sources */,
				90811548235AB54C0061540F /* TFGridViewHeaderFooterView.m in Sources */,
				20D2EFD022321CA1001DC35D /* AppDelegate.m in Sources */,
				903D2523235AB175009A92DE /* TFRectangleBlockView.m in Sources */,
			);
			runOnlyForDeploymentPostprocessing = 0;
		};
/* End PBXSourcesBuildPhase section */

/* Begin PBXVariantGroup section */
		20D2EFD422321CA1001DC35D /* Main.storyboard */ = {
			isa = PBXVariantGroup;
			children = (
				20D2EFD522321CA1001DC35D /* Base */,
			);
			name = Main.storyboard;
			sourceTree = "<group>";
		};
		20D2EFD922321CA2001DC35D /* LaunchScreen.storyboard */ = {
			isa = PBXVariantGroup;
			children = (
				20D2EFDA22321CA2001DC35D /* Base */,
			);
			name = LaunchScreen.storyboard;
			sourceTree = "<group>";
		};
/* End PBXVariantGroup section */

/* Begin XCBuildConfiguration section */
		20D2EFDF22321CA2001DC35D /* Debug */ = {
			isa = XCBuildConfiguration;
			buildSettings = {
				ALWAYS_SEARCH_USER_PATHS = NO;
				CLANG_ANALYZER_NONNULL = YES;
				CLANG_ANALYZER_NUMBER_OBJECT_CONVERSION = YES_AGGRESSIVE;
				CLANG_CXX_LANGUAGE_STANDARD = "gnu++14";
				CLANG_CXX_LIBRARY = "libc++";
				CLANG_ENABLE_MODULES = YES;
				CLANG_ENABLE_OBJC_ARC = YES;
				CLANG_ENABLE_OBJC_WEAK = YES;
				CLANG_WARN_BLOCK_CAPTURE_AUTORELEASING = YES;
				CLANG_WARN_BOOL_CONVERSION = YES;
				CLANG_WARN_COMMA = YES;
				CLANG_WARN_CONSTANT_CONVERSION = YES;
				CLANG_WARN_DEPRECATED_OBJC_IMPLEMENTATIONS = YES;
				CLANG_WARN_DIRECT_OBJC_ISA_USAGE = YES_ERROR;
				CLANG_WARN_DOCUMENTATION_COMMENTS = YES;
				CLANG_WARN_EMPTY_BODY = YES;
				CLANG_WARN_ENUM_CONVERSION = YES;
				CLANG_WARN_INFINITE_RECURSION = YES;
				CLANG_WARN_INT_CONVERSION = YES;
				CLANG_WARN_NON_LITERAL_NULL_CONVERSION = YES;
				CLANG_WARN_OBJC_IMPLICIT_RETAIN_SELF = YES;
				CLANG_WARN_OBJC_LITERAL_CONVERSION = YES;
				CLANG_WARN_OBJC_ROOT_CLASS = YES_ERROR;
				CLANG_WARN_RANGE_LOOP_ANALYSIS = YES;
				CLANG_WARN_STRICT_PROTOTYPES = YES;
				CLANG_WARN_SUSPICIOUS_MOVE = YES;
				CLANG_WARN_UNGUARDED_AVAILABILITY = YES_AGGRESSIVE;
				CLANG_WARN_UNREACHABLE_CODE = YES;
				CLANG_WARN__DUPLICATE_METHOD_MATCH = YES;
				CODE_SIGN_IDENTITY = "iPhone Developer";
				COPY_PHASE_STRIP = NO;
				DEBUG_INFORMATION_FORMAT = dwarf;
				ENABLE_STRICT_OBJC_MSGSEND = YES;
				ENABLE_TESTABILITY = YES;
				GCC_C_LANGUAGE_STANDARD = gnu11;
				GCC_DYNAMIC_NO_PIC = NO;
				GCC_NO_COMMON_BLOCKS = YES;
				GCC_OPTIMIZATION_LEVEL = 0;
				GCC_PREPROCESSOR_DEFINITIONS = (
					"DEBUG=1",
					"$(inherited)",
				);
				GCC_WARN_64_TO_32_BIT_CONVERSION = YES;
				GCC_WARN_ABOUT_RETURN_TYPE = YES_ERROR;
				GCC_WARN_UNDECLARED_SELECTOR = YES;
				GCC_WARN_UNINITIALIZED_AUTOS = YES_AGGRESSIVE;
				GCC_WARN_UNUSED_FUNCTION = YES;
				GCC_WARN_UNUSED_VARIABLE = YES;
				IPHONEOS_DEPLOYMENT_TARGET = 12.1;
				MTL_ENABLE_DEBUG_INFO = INCLUDE_SOURCE;
				MTL_FAST_MATH = YES;
				ONLY_ACTIVE_ARCH = YES;
				SDKROOT = iphoneos;
			};
			name = Debug;
		};
		20D2EFE022321CA2001DC35D /* Release */ = {
			isa = XCBuildConfiguration;
			buildSettings = {
				ALWAYS_SEARCH_USER_PATHS = NO;
				CLANG_ANALYZER_NONNULL = YES;
				CLANG_ANALYZER_NUMBER_OBJECT_CONVERSION = YES_AGGRESSIVE;
				CLANG_CXX_LANGUAGE_STANDARD = "gnu++14";
				CLANG_CXX_LIBRARY = "libc++";
				CLANG_ENABLE_MODULES = YES;
				CLANG_ENABLE_OBJC_ARC = YES;
				CLANG_ENABLE_OBJC_WEAK = YES;
				CLANG_WARN_BLOCK_CAPTURE_AUTORELEASING = YES;
				CLANG_WARN_BOOL_CONVERSION = YES;
				CLANG_WARN_COMMA = YES;
				CLANG_WARN_CONSTANT_CONVERSION = YES;
				CLANG_WARN_DEPRECATED_OBJC_IMPLEMENTATIONS = YES;
				CLANG_WARN_DIRECT_OBJC_ISA_USAGE = YES_ERROR;
				CLANG_WARN_DOCUMENTATION_COMMENTS = YES;
				CLANG_WARN_EMPTY_BODY = YES;
				CLANG_WARN_ENUM_CONVERSION = YES;
				CLANG_WARN_INFINITE_RECURSION = YES;
				CLANG_WARN_INT_CONVERSION = YES;
				CLANG_WARN_NON_LITERAL_NULL_CONVERSION = YES;
				CLANG_WARN_OBJC_IMPLICIT_RETAIN_SELF = YES;
				CLANG_WARN_OBJC_LITERAL_CONVERSION = YES;
				CLANG_WARN_OBJC_ROOT_CLASS = YES_ERROR;
				CLANG_WARN_RANGE_LOOP_ANALYSIS = YES;
				CLANG_WARN_STRICT_PROTOTYPES = YES;
				CLANG_WARN_SUSPICIOUS_MOVE = YES;
				CLANG_WARN_UNGUARDED_AVAILABILITY = YES_AGGRESSIVE;
				CLANG_WARN_UNREACHABLE_CODE = YES;
				CLANG_WARN__DUPLICATE_METHOD_MATCH = YES;
				CODE_SIGN_IDENTITY = "iPhone Developer";
				COPY_PHASE_STRIP = NO;
				DEBUG_INFORMATION_FORMAT = "dwarf-with-dsym";
				ENABLE_NS_ASSERTIONS = NO;
				ENABLE_STRICT_OBJC_MSGSEND = YES;
				GCC_C_LANGUAGE_STANDARD = gnu11;
				GCC_NO_COMMON_BLOCKS = YES;
				GCC_WARN_64_TO_32_BIT_CONVERSION = YES;
				GCC_WARN_ABOUT_RETURN_TYPE = YES_ERROR;
				GCC_WARN_UNDECLARED_SELECTOR = YES;
				GCC_WARN_UNINITIALIZED_AUTOS = YES_AGGRESSIVE;
				GCC_WARN_UNUSED_FUNCTION = YES;
				GCC_WARN_UNUSED_VARIABLE = YES;
				IPHONEOS_DEPLOYMENT_TARGET = 12.1;
				MTL_ENABLE_DEBUG_INFO = NO;
				MTL_FAST_MATH = YES;
				SDKROOT = iphoneos;
				VALIDATE_PRODUCT = YES;
			};
			name = Release;
		};
		20D2EFE222321CA2001DC35D /* Debug */ = {
			isa = XCBuildConfiguration;
			baseConfigurationReference = 0766CA20DAFE18EECDA875EE /* Pods-TFComponentsDemo.debug.xcconfig */;
			buildSettings = {
				ASSETCATALOG_COMPILER_APPICON_NAME = AppIcon;
				CODE_SIGN_STYLE = Manual;
				DEVELOPMENT_TEAM = M98VYFZASK;
				INFOPLIST_FILE = TFComponentsDemo/Info.plist;
				IPHONEOS_DEPLOYMENT_TARGET = 8.0;
				LD_RUNPATH_SEARCH_PATHS = (
					"$(inherited)",
					"@executable_path/Frameworks",
				);
				PRODUCT_BUNDLE_IDENTIFIER = com.happyaftdev.GridView;
				PRODUCT_NAME = "$(TARGET_NAME)";
				PROVISIONING_PROFILE_SPECIFIER = devId_pro;
				TARGETED_DEVICE_FAMILY = "1,2";
			};
			name = Debug;
		};
		20D2EFE322321CA2001DC35D /* Release */ = {
			isa = XCBuildConfiguration;
			baseConfigurationReference = AAB4364B1219D7FF792AC2FA /* Pods-TFComponentsDemo.release.xcconfig */;
			buildSettings = {
				ASSETCATALOG_COMPILER_APPICON_NAME = AppIcon;
				CODE_SIGN_STYLE = Manual;
				DEVELOPMENT_TEAM = M98VYFZASK;
				INFOPLIST_FILE = TFComponentsDemo/Info.plist;
				IPHONEOS_DEPLOYMENT_TARGET = 8.0;
				LD_RUNPATH_SEARCH_PATHS = (
					"$(inherited)",
					"@executable_path/Frameworks",
				);
				PRODUCT_BUNDLE_IDENTIFIER = com.happyaftdev.GridView;
				PRODUCT_NAME = "$(TARGET_NAME)";
				PROVISIONING_PROFILE_SPECIFIER = devId_pro;
				TARGETED_DEVICE_FAMILY = "1,2";
			};
			name = Release;
		};
/* End XCBuildConfiguration section */

/* Begin XCConfigurationList section */
		20D2EFC622321CA1001DC35D /* Build configuration list for PBXProject "TFComponentsDemo" */ = {
			isa = XCConfigurationList;
			buildConfigurations = (
				20D2EFDF22321CA2001DC35D /* Debug */,
				20D2EFE022321CA2001DC35D /* Release */,
			);
			defaultConfigurationIsVisible = 0;
			defaultConfigurationName = Release;
		};
		20D2EFE122321CA2001DC35D /* Build configuration list for PBXNativeTarget "TFComponentsDemo" */ = {
			isa = XCConfigurationList;
			buildConfigurations = (
				20D2EFE222321CA2001DC35D /* Debug */,
				20D2EFE322321CA2001DC35D /* Release */,
			);
			defaultConfigurationIsVisible = 0;
			defaultConfigurationName = Release;
		};
/* End XCConfigurationList section */
	};
	rootObject = 20D2EFC322321CA1001DC35D /* Project object */;
}
